github.com/dev3mike/go-xmapper v1.0.6 h1:dBD2rvxx2oGhUL609RuLwR776DhPirEXdwEwpZTejIw=
github.com/dev3mike/go-xmapper v1.0.6/go.mod h1:MRamTjqYCK2RcEU1/LaXKF1UGVOcy0VtzNPJ2oJLz2A=
github.com/dev3mike/go-xmapper v1.0.8 h1:+BobtaMzDqNJu8dsFebbHrHd+204xAXdgxanjDmA5q8=
github.com/dev3mike/go-xmapper v1.0.8/go.mod h1:MRamTjqYCK2RcEU1/LaXKF1UGVOcy0VtzNPJ2oJLz2A=
